
Microsoft Visual Studio Solution File, Format Version 12.00
# Visual Studio Version 16
VisualStudioVersion = 25.0.1706.0
MinimumVisualStudioVersion = 10.0.40219.1
Project("{FAE04EC0-301F-11D3-BF4B-00C04F79EFBC}") = "Eat.Api", "Eat.Api\Eat.Api.csproj", "{A4674A8D-6F01-4915-8A20-50D250EF708F}"
EndProject
Project("{FAE04EC0-301F-11D3-BF4B-00C04F79EFBC}") = "Eat.SDK", "Eat.SDK\Eat.SDK.csproj", "{44D50600-452F-45B2-9622-1A81B5F10028}"
EndProject
Project("{FAE04EC0-301F-11D3-BF4B-00C04F79EFBC}") = "Eat.OrderService", "Eat.OrderService\Eat.OrderService.csproj", "{A7A4FBFF-1819-4827-B7C6-4C32FFF6588A}"
EndProject
Project("{FAE04EC0-301F-11D3-BF4B-00C04F79EFBC}") = "Eat.AuthService", "Eat.AuthService\Eat.AuthService.csproj", "{C4635C86-850D-4E7E-A237-37C58B051175}"
EndProject
Project("{E53339B2-1760-4266-BCC7-CA923CBCF16C}") = "docker-compose", "docker-compose.dcproj", "{EB2671D3-D7B8-42D0-9A47-7BF4A5901D05}"
EndProject
Global
	GlobalSection(SolutionConfigurationPlatforms) = preSolution
		Debug|Any CPU = Debug|Any CPU
		Release|Any CPU = Release|Any CPU
	EndGlobalSection
	GlobalSection(ProjectConfigurationPlatforms) = postSolution
		{A4674A8D-6F01-4915-8A20-50D250EF708F}.Debug|Any CPU.ActiveCfg = Debug|Any CPU
		{A4674A8D-6F01-4915-8A20-50D250EF708F}.Debug|Any CPU.Build.0 = Debug|Any CPU
		{A4674A8D-6F01-4915-8A20-50D250EF708F}.Release|Any CPU.ActiveCfg = Release|Any CPU
		{A4674A8D-6F01-4915-8A20-50D250EF708F}.Release|Any CPU.Build.0 = Release|Any CPU
		{44D50600-452F-45B2-9622-1A81B5F10028}.Debug|Any CPU.ActiveCfg = Debug|Any CPU
		{44D50600-452F-45B2-9622-1A81B5F10028}.Debug|Any CPU.Build.0 = Debug|Any CPU
		{44D50600-452F-45B2-9622-1A81B5F10028}.Release|Any CPU.ActiveCfg = Release|Any CPU
		{44D50600-452F-45B2-9622-1A81B5F10028}.Release|Any CPU.Build.0 = Release|Any CPU
		{A7A4FBFF-1819-4827-B7C6-4C32FFF6588A}.Debug|Any CPU.ActiveCfg = Debug|Any CPU
		{A7A4FBFF-1819-4827-B7C6-4C32FFF6588A}.Debug|Any CPU.Build.0 = Debug|Any CPU
		{A7A4FBFF-1819-4827-B7C6-4C32FFF6588A}.Release|Any CPU.ActiveCfg = Release|Any CPU
		{A7A4FBFF-1819-4827-B7C6-4C32FFF6588A}.Release|Any CPU.Build.0 = Release|Any CPU
		{C4635C86-850D-4E7E-A237-37C58B051175}.Debug|Any CPU.ActiveCfg = Debug|Any CPU
		{C4635C86-850D-4E7E-A237-37C58B051175}.Debug|Any CPU.Build.0 = Debug|Any CPU
		{C4635C86-850D-4E7E-A237-37C58B051175}.Release|Any CPU.ActiveCfg = Release|Any CPU
		{C4635C86-850D-4E7E-A237-37C58B051175}.Release|Any CPU.Build.0 = Release|Any CPU
		{EB2671D3-D7B8-42D0-9A47-7BF4A5901D05}.Debug|Any CPU.ActiveCfg = Debug|Any CPU
		{EB2671D3-D7B8-42D0-9A47-7BF4A5901D05}.Debug|Any CPU.Build.0 = Debug|Any CPU
		{EB2671D3-D7B8-42D0-9A47-7BF4A5901D05}.Release|Any CPU.ActiveCfg = Release|Any CPU
		{EB2671D3-D7B8-42D0-9A47-7BF4A5901D05}.Release|Any CPU.Build.0 = Release|Any CPU
	EndGlobalSection
	GlobalSection(SolutionProperties) = preSolution
		HideSolutionNode = FALSE
	EndGlobalSection
	GlobalSection(ExtensibilityGlobals) = postSolution
		SolutionGuid = {20E37B1E-D461-45A1-9F44-92ECACC75205}
	EndGlobalSection
	GlobalSection(MonoDevelopProperties) = preSolution
		Policies = $0
		$0.DotNetNamingPolicy = $1
		$1.DirectoryNamespaceAssociation = PrefixedHierarchical
	EndGlobalSection
EndGlobal
